{
  "version": 4,
  "terraform_version": "1.7.4",
  "serial": 9,
  "lineage": "79a1bd6c-7c50-e655-d2dc-3157128805c0",
  "outputs": {
    "resource_group_name": {
      "value": "virtualMachineLM-rg",
      "type": "string"
    }
  },
  "resources": [
    {
      "mode": "managed",
      "type": "azurerm_resource_group",
      "name": "main",
      "provider": "provider[\"registry.terraform.io/hashicorp/azurerm\"]",
      "instances": [
        {
          "schema_version": 0,
          "attributes": {
            "id": "/subscriptions/8defb191-51db-4c79-b458-8c3e4cec29a8/resourceGroups/virtualMachineLM-rg",
            "location": "eastus",
            "managed_by": "",
            "name": "virtualMachineLM-rg",
            "tags": null,
            "timeouts": null
          },
          "sensitive_attributes": [],
          "private": "eyJlMmJmYjczMC1lY2FhLTExZTYtOGY4OC0zNDM2M2JjN2M0YzAiOnsiY3JlYXRlIjo1NDAwMDAwMDAwMDAwLCJkZWxldGUiOjU0MDAwMDAwMDAwMDAsInJlYWQiOjMwMDAwMDAwMDAwMCwidXBkYXRlIjo1NDAwMDAwMDAwMDAwfX0="
        }
      ]
    },
    {
      "mode": "managed",
      "type": "azurerm_subnet",
      "name": "main",
      "provider": "provider[\"registry.terraform.io/hashicorp/azurerm\"]",
      "instances": [
        {
          "schema_version": 0,
          "attributes": {
            "address_prefixes": [
              "10.0.1.0/24"
            ],
            "delegation": [],
            "enforce_private_link_endpoint_network_policies": false,
            "enforce_private_link_service_network_policies": false,
            "id": "/subscriptions/8defb191-51db-4c79-b458-8c3e4cec29a8/resourceGroups/virtualMachineLM-rg/providers/Microsoft.Network/virtualNetworks/virtualMachineLM-network/subnets/virtualMachineLM-subnet",
            "name": "virtualMachineLM-subnet",
            "private_endpoint_network_policies_enabled": true,
            "private_link_service_network_policies_enabled": true,
            "resource_group_name": "virtualMachineLM-rg",
            "service_endpoint_policy_ids": null,
            "service_endpoints": null,
            "timeouts": null,
            "virtual_network_name": "virtualMachineLM-network"
          },
          "sensitive_attributes": [],
          "private": "eyJlMmJmYjczMC1lY2FhLTExZTYtOGY4OC0zNDM2M2JjN2M0YzAiOnsiY3JlYXRlIjoxODAwMDAwMDAwMDAwLCJkZWxldGUiOjE4MDAwMDAwMDAwMDAsInJlYWQiOjMwMDAwMDAwMDAwMCwidXBkYXRlIjoxODAwMDAwMDAwMDAwfX0=",
          "dependencies": [
            "azurerm_resource_group.main",
            "azurerm_virtual_network.main"
          ]
        }
      ]
    },
    {
      "mode": "managed",
      "type": "azurerm_virtual_network",
      "name": "main",
      "provider": "provider[\"registry.terraform.io/hashicorp/azurerm\"]",
      "instances": [
        {
          "schema_version": 0,
          "attributes": {
            "address_space": [
              "10.0.0.0/16"
            ],
            "bgp_community": "",
            "ddos_protection_plan": [],
            "dns_servers": [],
            "edge_zone": "",
            "encryption": [],
            "flow_timeout_in_minutes": 0,
            "guid": "7e039eed-2cf4-4876-acd5-4f8d664c023e",
            "id": "/subscriptions/8defb191-51db-4c79-b458-8c3e4cec29a8/resourceGroups/virtualMachineLM-rg/providers/Microsoft.Network/virtualNetworks/virtualMachineLM-network",
            "location": "eastus",
            "name": "virtualMachineLM-network",
            "resource_group_name": "virtualMachineLM-rg",
            "subnet": [],
            "tags": null,
            "timeouts": null
          },
          "sensitive_attributes": [],
          "private": "eyJlMmJmYjczMC1lY2FhLTExZTYtOGY4OC0zNDM2M2JjN2M0YzAiOnsiY3JlYXRlIjoxODAwMDAwMDAwMDAwLCJkZWxldGUiOjE4MDAwMDAwMDAwMDAsInJlYWQiOjMwMDAwMDAwMDAwMCwidXBkYXRlIjoxODAwMDAwMDAwMDAwfX0=",
          "dependencies": [
            "azurerm_resource_group.main"
          ]
        }
      ]
    },
    {
      "module": "module.vm",
      "mode": "managed",
      "type": "azurerm_linux_virtual_machine",
      "name": "vm_devops",
      "provider": "provider[\"registry.terraform.io/hashicorp/azurerm\"]",
      "instances": [
        {
          "schema_version": 0,
          "attributes": {
            "additional_capabilities": [],
            "admin_password": null,
            "admin_ssh_key": [
              {
                "public_key": "ssh-rsa AAAAB3NzaC1yc2EAAAADAQABAAACAQDA0NhTRZyVWziHJqfNNTuIjcHqzDjwrFwHecSZaam5Q7DQP7t7/LDdw/ULYMJ+xQGlU2aKhkS0Kh9WgFQUhtODaBpPJqiQn5LaYT4bWw1FwaZtT31mpvJ41ivdwGG9VUAu6brTOBPvShcrSr4GWHI5hLNhMURrUVJKIcShj+u3sHWGpNzxlW4m8Yj9LQvQ9kRrMiA4K68xPyDyfnyE04oMI64Oa1Gl9PRqmxFs7LHbs8yj3jwyjaz0PoOwcPKPudlnnG2it33Q5E5CGpUBk9oHluTH65F8mcc60cqFkeN61TIQ55HaENCGwnSm02+prpaNuCo0F0IAFJ04SJa663hC4cGprjpajcwgh4X8/OX20zqExCQ2sxrszOL4uGPGe7fn000tL51CEqqT2oSb7abJ/DliCzixajA6ELT1b+rL+0i+QJnsOrWBRKDawl5lLXwlfSq9jROOrdx0KtFiE36TjyYc+2JxzumsSgsiPlVohuxD5LyIEm0VLH5iBthsoj1fZed5vnNkmTGLeqo+IMpzPWSqnPY+Kh/RAJpIkzw1X3wWfjnlHgBJ3DlWMv8RWxD4/OtVb1MLTU/xfBPMnlKuGWV70hwRQ7L22Nx2jPVFCwIViHA3oqXtA1mcJVeAdObhO4V6Wy+eYKE4wyLjhN1RhtePdgyLTSlC1J6IoyUkpw== lualmuhe@gmail.com\r\n",
                "username": "luis486"
              }
            ],
            "admin_username": "luis486",
            "allow_extension_operations": true,
            "availability_set_id": "",
            "boot_diagnostics": [],
            "bypass_platform_safety_checks_on_user_schedule_enabled": false,
            "capacity_reservation_group_id": "",
            "computer_name": "virtualMachineLM-machine",
            "custom_data": null,
            "dedicated_host_group_id": "",
            "dedicated_host_id": "",
            "disable_password_authentication": true,
            "disk_controller_type": "",
            "edge_zone": "",
            "encryption_at_host_enabled": false,
            "eviction_policy": "",
            "extensions_time_budget": "PT1H30M",
            "gallery_application": [],
            "id": "/subscriptions/8defb191-51db-4c79-b458-8c3e4cec29a8/resourceGroups/virtualMachineLM-rg/providers/Microsoft.Compute/virtualMachines/virtualMachineLM-machine",
            "identity": [],
            "license_type": "",
            "location": "eastus",
            "max_bid_price": -1,
            "name": "virtualMachineLM-machine",
            "network_interface_ids": [
              "/subscriptions/8defb191-51db-4c79-b458-8c3e4cec29a8/resourceGroups/virtualMachineLM-rg/providers/Microsoft.Network/networkInterfaces/virtualMachineLM-nic"
            ],
            "os_disk": [
              {
                "caching": "ReadWrite",
                "diff_disk_settings": [],
                "disk_encryption_set_id": "",
                "disk_size_gb": 30,
                "name": "virtualMachineLM-machine_OsDisk_1_f030be48d98248f98339c3e8d92aff90",
                "secure_vm_disk_encryption_set_id": "",
                "security_encryption_type": "",
                "storage_account_type": "Standard_LRS",
                "write_accelerator_enabled": false
              }
            ],
            "os_image_notification": [],
            "patch_assessment_mode": "ImageDefault",
            "patch_mode": "ImageDefault",
            "plan": [],
            "platform_fault_domain": -1,
            "priority": "Regular",
            "private_ip_address": "10.0.1.4",
            "private_ip_addresses": [
              "10.0.1.4"
            ],
            "provision_vm_agent": true,
            "proximity_placement_group_id": "",
            "public_ip_address": "13.92.57.152",
            "public_ip_addresses": [
              "13.92.57.152"
            ],
            "reboot_setting": "",
            "resource_group_name": "virtualMachineLM-rg",
            "secret": [],
            "secure_boot_enabled": false,
            "size": "Standard_F2",
            "source_image_id": "",
            "source_image_reference": [
              {
                "offer": "0001-com-ubuntu-server-focal",
                "publisher": "Canonical",
                "sku": "20_04-lts",
                "version": "latest"
              }
            ],
            "tags": null,
            "termination_notification": null,
            "timeouts": null,
            "user_data": "",
            "virtual_machine_id": "2694e1dc-43d5-4f0b-a3c7-019c6722726f",
            "virtual_machine_scale_set_id": "",
            "vm_agent_platform_updates_enabled": false,
            "vtpm_enabled": false,
            "zone": ""
          },
          "sensitive_attributes": [],
          "private": "eyJlMmJmYjczMC1lY2FhLTExZTYtOGY4OC0zNDM2M2JjN2M0YzAiOnsiY3JlYXRlIjoyNzAwMDAwMDAwMDAwLCJkZWxldGUiOjI3MDAwMDAwMDAwMDAsInJlYWQiOjMwMDAwMDAwMDAwMCwidXBkYXRlIjoyNzAwMDAwMDAwMDAwfX0=",
          "dependencies": [
            "azurerm_resource_group.main",
            "azurerm_subnet.main",
            "azurerm_virtual_network.main",
            "module.vm.azurerm_network_interface.devops_nic",
            "module.vm.azurerm_public_ip.devops_ip"
          ]
        }
      ]
    },
    {
      "module": "module.vm",
      "mode": "managed",
      "type": "azurerm_network_interface",
      "name": "devops_nic",
      "provider": "provider[\"registry.terraform.io/hashicorp/azurerm\"]",
      "instances": [
        {
          "schema_version": 0,
          "attributes": {
            "applied_dns_servers": [],
            "auxiliary_mode": "",
            "auxiliary_sku": "",
            "dns_servers": [],
            "edge_zone": "",
            "enable_accelerated_networking": false,
            "enable_ip_forwarding": false,
            "id": "/subscriptions/8defb191-51db-4c79-b458-8c3e4cec29a8/resourceGroups/virtualMachineLM-rg/providers/Microsoft.Network/networkInterfaces/virtualMachineLM-nic",
            "internal_dns_name_label": "",
            "internal_domain_name_suffix": "3wpag5xufr1erlgvj4gwmtachg.bx.internal.cloudapp.net",
            "ip_configuration": [
              {
                "gateway_load_balancer_frontend_ip_configuration_id": "",
                "name": "internal",
                "primary": true,
                "private_ip_address": "10.0.1.4",
                "private_ip_address_allocation": "Dynamic",
                "private_ip_address_version": "IPv4",
                "public_ip_address_id": "/subscriptions/8defb191-51db-4c79-b458-8c3e4cec29a8/resourceGroups/virtualMachineLM-rg/providers/Microsoft.Network/publicIPAddresses/virtualMachineLM-public-ip",
                "subnet_id": "/subscriptions/8defb191-51db-4c79-b458-8c3e4cec29a8/resourceGroups/virtualMachineLM-rg/providers/Microsoft.Network/virtualNetworks/virtualMachineLM-network/subnets/virtualMachineLM-subnet"
              }
            ],
            "location": "eastus",
            "mac_address": "",
            "name": "virtualMachineLM-nic",
            "private_ip_address": "10.0.1.4",
            "private_ip_addresses": [
              "10.0.1.4"
            ],
            "resource_group_name": "virtualMachineLM-rg",
            "tags": null,
            "timeouts": null,
            "virtual_machine_id": ""
          },
          "sensitive_attributes": [],
          "private": "eyJlMmJmYjczMC1lY2FhLTExZTYtOGY4OC0zNDM2M2JjN2M0YzAiOnsiY3JlYXRlIjoxODAwMDAwMDAwMDAwLCJkZWxldGUiOjE4MDAwMDAwMDAwMDAsInJlYWQiOjMwMDAwMDAwMDAwMCwidXBkYXRlIjoxODAwMDAwMDAwMDAwfX0=",
          "dependencies": [
            "azurerm_resource_group.main",
            "azurerm_subnet.main",
            "azurerm_virtual_network.main",
            "module.vm.azurerm_public_ip.devops_ip"
          ]
        }
      ]
    },
    {
      "module": "module.vm",
      "mode": "managed",
      "type": "azurerm_network_interface_security_group_association",
      "name": "devops_association",
      "provider": "provider[\"registry.terraform.io/hashicorp/azurerm\"]",
      "instances": [
        {
          "schema_version": 0,
          "attributes": {
            "id": "/subscriptions/8defb191-51db-4c79-b458-8c3e4cec29a8/resourceGroups/virtualMachineLM-rg/providers/Microsoft.Network/networkInterfaces/virtualMachineLM-nic|/subscriptions/8defb191-51db-4c79-b458-8c3e4cec29a8/resourceGroups/virtualMachineLM-rg/providers/Microsoft.Network/networkSecurityGroups/virtualMachineLM-sg",
            "network_interface_id": "/subscriptions/8defb191-51db-4c79-b458-8c3e4cec29a8/resourceGroups/virtualMachineLM-rg/providers/Microsoft.Network/networkInterfaces/virtualMachineLM-nic",
            "network_security_group_id": "/subscriptions/8defb191-51db-4c79-b458-8c3e4cec29a8/resourceGroups/virtualMachineLM-rg/providers/Microsoft.Network/networkSecurityGroups/virtualMachineLM-sg",
            "timeouts": null
          },
          "sensitive_attributes": [],
          "private": "eyJlMmJmYjczMC1lY2FhLTExZTYtOGY4OC0zNDM2M2JjN2M0YzAiOnsiY3JlYXRlIjoxODAwMDAwMDAwMDAwLCJkZWxldGUiOjE4MDAwMDAwMDAwMDAsInJlYWQiOjMwMDAwMDAwMDAwMH19",
          "dependencies": [
            "azurerm_resource_group.main",
            "azurerm_subnet.main",
            "azurerm_virtual_network.main",
            "module.vm.azurerm_network_interface.devops_nic",
            "module.vm.azurerm_network_security_group.devops_sg",
            "module.vm.azurerm_public_ip.devops_ip"
          ]
        }
      ]
    },
    {
      "module": "module.vm",
      "mode": "managed",
      "type": "azurerm_network_security_group",
      "name": "devops_sg",
      "provider": "provider[\"registry.terraform.io/hashicorp/azurerm\"]",
      "instances": [
        {
          "schema_version": 0,
          "attributes": {
            "id": "/subscriptions/8defb191-51db-4c79-b458-8c3e4cec29a8/resourceGroups/virtualMachineLM-rg/providers/Microsoft.Network/networkSecurityGroups/virtualMachineLM-sg",
            "location": "eastus",
            "name": "virtualMachineLM-sg",
            "resource_group_name": "virtualMachineLM-rg",
            "security_rule": [
              {
                "access": "Allow",
                "description": "",
                "destination_address_prefix": "*",
                "destination_address_prefixes": [],
                "destination_application_security_group_ids": [],
                "destination_port_range": "*",
                "destination_port_ranges": [],
                "direction": "Inbound",
                "name": "PING",
                "priority": 1000,
                "protocol": "Icmp",
                "source_address_prefix": "*",
                "source_address_prefixes": [],
                "source_application_security_group_ids": [],
                "source_port_range": "*",
                "source_port_ranges": []
              },
              {
                "access": "Allow",
                "description": "",
                "destination_address_prefix": "*",
                "destination_address_prefixes": [],
                "destination_application_security_group_ids": [],
                "destination_port_range": "22",
                "destination_port_ranges": [],
                "direction": "Inbound",
                "name": "Ssh",
                "priority": 100,
                "protocol": "Tcp",
                "source_address_prefix": "*",
                "source_address_prefixes": [],
                "source_application_security_group_ids": [],
                "source_port_range": "*",
                "source_port_ranges": []
              }
            ],
            "tags": {
              "environment": "Production"
            },
            "timeouts": null
          },
          "sensitive_attributes": [],
          "private": "eyJlMmJmYjczMC1lY2FhLTExZTYtOGY4OC0zNDM2M2JjN2M0YzAiOnsiY3JlYXRlIjoxODAwMDAwMDAwMDAwLCJkZWxldGUiOjE4MDAwMDAwMDAwMDAsInJlYWQiOjMwMDAwMDAwMDAwMCwidXBkYXRlIjoxODAwMDAwMDAwMDAwfX0=",
          "dependencies": [
            "azurerm_resource_group.main"
          ]
        }
      ]
    },
    {
      "module": "module.vm",
      "mode": "managed",
      "type": "azurerm_public_ip",
      "name": "devops_ip",
      "provider": "provider[\"registry.terraform.io/hashicorp/azurerm\"]",
      "instances": [
        {
          "schema_version": 0,
          "attributes": {
            "allocation_method": "Static",
            "ddos_protection_mode": "VirtualNetworkInherited",
            "ddos_protection_plan_id": null,
            "domain_name_label": null,
            "edge_zone": "",
            "fqdn": null,
            "id": "/subscriptions/8defb191-51db-4c79-b458-8c3e4cec29a8/resourceGroups/virtualMachineLM-rg/providers/Microsoft.Network/publicIPAddresses/virtualMachineLM-public-ip",
            "idle_timeout_in_minutes": 4,
            "ip_address": "13.92.57.152",
            "ip_tags": null,
            "ip_version": "IPv4",
            "location": "eastus",
            "name": "virtualMachineLM-public-ip",
            "public_ip_prefix_id": null,
            "resource_group_name": "virtualMachineLM-rg",
            "reverse_fqdn": null,
            "sku": "Basic",
            "sku_tier": "Regional",
            "tags": null,
            "timeouts": null,
            "zones": null
          },
          "sensitive_attributes": [],
          "private": "eyJlMmJmYjczMC1lY2FhLTExZTYtOGY4OC0zNDM2M2JjN2M0YzAiOnsiY3JlYXRlIjoxODAwMDAwMDAwMDAwLCJkZWxldGUiOjE4MDAwMDAwMDAwMDAsInJlYWQiOjMwMDAwMDAwMDAwMCwidXBkYXRlIjoxODAwMDAwMDAwMDAwfX0=",
          "dependencies": [
            "azurerm_resource_group.main"
          ]
        }
      ]
    }
  ],
  "check_results": null
}
